github.com/domainry/domainry-foundation v0.1.41 h1:rqhalTTYpXoDIBida99yiScVf0EoD1SxO/0HOJxV4MY=
github.com/domainry/domainry-foundation v0.1.41/go.mod h1:swF/3qEtTH4V94N68yxBroYDOQ/ybycO5fC6UZvE9Ks=
github.com/domainry/domainry-identity-sdk v0.1.18 h1:hJFKRCXhXJgjKQgsi5Q/buZAbHkrkCkwvy3xPiqrLIQ=
github.com/domainry/domainry-identity-sdk v0.1.18/go.mod h1:PoVPl9OVibzabl1QB0+G3S2PgiBNGpkPmTgGzzyFY7Q=
github.com/domainry/domainry-monitoring-sdk v0.1.6 h1:Ba9jyYc4MgaJLDTwucipNnnD/Y+suK3kvEjM0Wj7EVI=
github.com/domainry/domainry-monitoring-sdk v0.1.6/go.mod h1:nnzSOJ7RYb7cE6LD7xYOope5tdlmIueXn0At7seDC18=
github.com/domainry/domainry-orm v0.1.32 h1:rDLD7P5FidqXtmNefruEMiI5VMvFK/Lkhy9jwSGswjk=
github.com/domainry/domainry-orm v0.1.32/go.mod h1:gB/ooN737tsBYHbeHqCpngEprvdvZKp0Zygtzv+IPJY=
