github.com/domainry/domainry-foundation v0.1.2 h1:rKVw7sHiOF2rnaK+pWrtxR9RXCJSQxJa98SgDlqK/HE=
github.com/domainry/domainry-foundation v0.1.2/go.mod h1:Gy+KTlqbubYK5bK005y0DBwm04LP8Kpx+n7/P6QGjjY=
github.com/domainry/domainry-identity-sdk v0.1.14 h1:g4yA2vBz4YAMC3UEyaiy8VXlFexdqs1HMTsL3N7XIrA=
github.com/domainry/domainry-identity-sdk v0.1.14/go.mod h1:I3jCembUi1Cg07zWq0h9pFk2fzEcoM224GzMqBNZ00s=
github.com/domainry/domainry-monitoring-sdk v0.1.4 h1:gHOuyBfMn5qqrNuZek9/XpUcAo+QTPbkkRqF71W1o18=
github.com/domainry/domainry-monitoring-sdk v0.1.4/go.mod h1:MSfp2EdoHgSIMnbVriCjIL6VwxPty2+4vSa1Us8jwfg=
github.com/domainry/domainry-orm v0.1.30 h1:5QOtG2qRzV1PhiioS2aKfCoEt9ab3OBucwicHAn/5HQ=
github.com/domainry/domainry-orm v0.1.30/go.mod h1:gB/ooN737tsBYHbeHqCpngEprvdvZKp0Zygtzv+IPJY=
