github.com/domainry/domainry-foundation v0.1.0-dev.7 h1:RCHmQ9UmP0hzgztMoYh29eUvEhio96acfFL/MpDEU6A=
github.com/domainry/domainry-foundation v0.1.0-dev.7/go.mod h1:+BYiJIIQbc1Z9Xfmo7EQCkfcB8uNV6Fcd+RHFigAW4o=
github.com/domainry/domainry-identity-sdk v0.1.1-dev7 h1:pegB7MZWi4fuopt9VmmBbFNFOlYUCAowUO+sXw9GO40=
github.com/domainry/domainry-identity-sdk v0.1.1-dev7/go.mod h1:TnqESeZbDTAkPTeoC+bIJN4M4Cu7qnjnAr/R223Ix1c=
github.com/domainry/domainry-monitoring-sdk v0.1.1 h1:OvlyZ1JasSEsmyn29MALXmcNFrs/jM10WTuVpVHoZE0=
github.com/domainry/domainry-monitoring-sdk v0.1.1/go.mod h1:rFQ3pNRvmwaxfovXiZ1VMn7fdtTdrQ4oUaOp04ddxt4=
